
Microsoft Visual Studio Solution File, Format Version 12.00
# Visual Studio Version 17
VisualStudioVersion = 17.14.36705.20 d17.14
MinimumVisualStudioVersion = 10.0.40219.1
Project("{FAE04EC0-301F-11D3-BF4B-00C04F79EFBC}") = "Tips Voor Het Weer", "Tips Voor Het Weer.csproj", "{FD5FFD70-FE87-409D-A6D6-05D5198D0E52}"
EndProject
Global
	GlobalSection(SolutionConfigurationPlatforms) = preSolution
		Debug|Any CPU = Debug|Any CPU
		Release|Any CPU = Release|Any CPU
	EndGlobalSection
	GlobalSection(ProjectConfigurationPlatforms) = postSolution
		{FD5FFD70-FE87-409D-A6D6-05D5198D0E52}.Debug|Any CPU.ActiveCfg = Debug|Any CPU
		{FD5FFD70-FE87-409D-A6D6-05D5198D0E52}.Debug|Any CPU.Build.0 = Debug|Any CPU
		{FD5FFD70-FE87-409D-A6D6-05D5198D0E52}.Release|Any CPU.ActiveCfg = Release|Any CPU
		{FD5FFD70-FE87-409D-A6D6-05D5198D0E52}.Release|Any CPU.Build.0 = Release|Any CPU
	EndGlobalSection
	GlobalSection(SolutionProperties) = preSolution
		HideSolutionNode = FALSE
	EndGlobalSection
	GlobalSection(ExtensibilityGlobals) = postSolution
		SolutionGuid = {A8BC65DF-1D70-4F01-8AA5-BB51471CC0FE}
	EndGlobalSection
EndGlobal
