
Microsoft Visual Studio Solution File, Format Version 12.00
# Visual Studio Version 17
VisualStudioVersion = 17.14.36705.20 d17.14
MinimumVisualStudioVersion = 10.0.40219.1
Project("{FAE04EC0-301F-11D3-BF4B-00C04F79EFBC}") = "[6]Getal Raden (Opdracht 6)", "[6]Getal Raden (Opdracht 6).csproj", "{05C3CB5A-2211-4B95-BFF0-C540221B8120}"
EndProject
Global
	GlobalSection(SolutionConfigurationPlatforms) = preSolution
		Debug|Any CPU = Debug|Any CPU
		Release|Any CPU = Release|Any CPU
	EndGlobalSection
	GlobalSection(ProjectConfigurationPlatforms) = postSolution
		{05C3CB5A-2211-4B95-BFF0-C540221B8120}.Debug|Any CPU.ActiveCfg = Debug|Any CPU
		{05C3CB5A-2211-4B95-BFF0-C540221B8120}.Debug|Any CPU.Build.0 = Debug|Any CPU
		{05C3CB5A-2211-4B95-BFF0-C540221B8120}.Release|Any CPU.ActiveCfg = Release|Any CPU
		{05C3CB5A-2211-4B95-BFF0-C540221B8120}.Release|Any CPU.Build.0 = Release|Any CPU
	EndGlobalSection
	GlobalSection(SolutionProperties) = preSolution
		HideSolutionNode = FALSE
	EndGlobalSection
	GlobalSection(ExtensibilityGlobals) = postSolution
		SolutionGuid = {26F465F0-B619-41B8-A4D9-74CA1DCE850D}
	EndGlobalSection
EndGlobal
