
Microsoft Visual Studio Solution File, Format Version 12.00
# Visual Studio Version 17
VisualStudioVersion = 17.14.36705.20 d17.14
MinimumVisualStudioVersion = 10.0.40219.1
Project("{FAE04EC0-301F-11D3-BF4B-00C04F79EFBC}") = "[8]Game Karakter Met Constructor (Opdracht 8)", "[8]Game Karakter Met Constructor (Opdracht 8).csproj", "{2E52A3E5-60BF-44BD-A028-E9922181BB01}"
EndProject
Global
	GlobalSection(SolutionConfigurationPlatforms) = preSolution
		Debug|Any CPU = Debug|Any CPU
		Release|Any CPU = Release|Any CPU
	EndGlobalSection
	GlobalSection(ProjectConfigurationPlatforms) = postSolution
		{2E52A3E5-60BF-44BD-A028-E9922181BB01}.Debug|Any CPU.ActiveCfg = Debug|Any CPU
		{2E52A3E5-60BF-44BD-A028-E9922181BB01}.Debug|Any CPU.Build.0 = Debug|Any CPU
		{2E52A3E5-60BF-44BD-A028-E9922181BB01}.Release|Any CPU.ActiveCfg = Release|Any CPU
		{2E52A3E5-60BF-44BD-A028-E9922181BB01}.Release|Any CPU.Build.0 = Release|Any CPU
	EndGlobalSection
	GlobalSection(SolutionProperties) = preSolution
		HideSolutionNode = FALSE
	EndGlobalSection
	GlobalSection(ExtensibilityGlobals) = postSolution
		SolutionGuid = {B73A3BEF-B6FB-4836-BF3B-AE3ED560BD76}
	EndGlobalSection
EndGlobal
